// !$*UTF8*$!
{
	archiveVersion = 1;
	classes = {
	};
	objectVersion = 46;
	objects = {

/* Begin PBXBuildFile section */
		C0F05A701810359500A64419 /* UIKit.framework in Frameworks */ = {isa = PBXBuildFile; fileRef = C0F05A6F1810359500A64419 /* UIKit.framework */; };
		C0F05A721810359500A64419 /* Foundation.framework in Frameworks */ = {isa = PBXBuildFile; fileRef = C0F05A711810359500A64419 /* Foundation.framework */; };
		C0F05A741810359500A64419 /* CoreGraphics.framework in Frameworks */ = {isa = PBXBuildFile; fileRef = C0F05A731810359500A64419 /* CoreGraphics.framework */; };
		C0F05A7A1810359500A64419 /* InfoPlist.strings in Resources */ = {isa = PBXBuildFile; fileRef = C0F05A781810359500A64419 /* InfoPlist.strings */; };
		C0F05A7C1810359500A64419 /* main.m in Sources */ = {isa = PBXBuildFile; fileRef = C0F05A7B1810359500A64419 /* main.m */; };
		C0F05A801810359500A64419 /* MADAppDelegate.m in Sources */ = {isa = PBXBuildFile; fileRef = C0F05A7F1810359500A64419 /* MADAppDelegate.m */; };
		C0F05A821810359500A64419 /* Default.png in Resources */ = {isa = PBXBuildFile; fileRef = C0F05A811810359500A64419 /* Default.png */; };
		C0F05A841810359500A64419 /* Default@2x.png in Resources */ = {isa = PBXBuildFile; fileRef = C0F05A831810359500A64419 /* Default@2x.png */; };
		C0F05A861810359500A64419 /* Default-568h@2x.png in Resources */ = {isa = PBXBuildFile; fileRef = C0F05A851810359500A64419 /* Default-568h@2x.png */; };
		C0F05A891810359500A64419 /* MainStoryboard.storyboard in Resources */ = {isa = PBXBuildFile; fileRef = C0F05A871810359500A64419 /* MainStoryboard.storyboard */; };
		C0F05A8C1810359500A64419 /* MADFirstViewController.m in Sources */ = {isa = PBXBuildFile; fileRef = C0F05A8B1810359500A64419 /* MADFirstViewController.m */; };
		C0F05A8E1810359500A64419 /* first.png in Resources */ = {isa = PBXBuildFile; fileRef = C0F05A8D1810359500A64419 /* first.png */; };
		C0F05A901810359500A64419 /* first@2x.png in Resources */ = {isa = PBXBuildFile; fileRef = C0F05A8F1810359500A64419 /* first@2x.png */; };
		C0F05A931810359500A64419 /* MADSecondViewController.m in Sources */ = {isa = PBXBuildFile; fileRef = C0F05A921810359500A64419 /* MADSecondViewController.m */; };
		C0F05A951810359500A64419 /* second.png in Resources */ = {isa = PBXBuildFile; fileRef = C0F05A941810359500A64419 /* second.png */; };
		C0F05A971810359500A64419 /* second@2x.png in Resources */ = {isa = PBXBuildFile; fileRef = C0F05A961810359500A64419 /* second@2x.png */; };
		C0F05A9E181037FF00A64419 /* boulderflatirons.png in Resources */ = {isa = PBXBuildFile; fileRef = C0F05A9D181037FF00A64419 /* boulderflatirons.png */; };
		C0F05AA11810466000A64419 /* WebViewController.m in Sources */ = {isa = PBXBuildFile; fileRef = C0F05AA01810466000A64419 /* WebViewController.m */; };
		C0F05AA518104C5C00A64419 /* envelope.png in Resources */ = {isa = PBXBuildFile; fileRef = C0F05AA218104C5C00A64419 /* envelope.png */; };
		C0F05AA618104C5C00A64419 /* map-marker.png in Resources */ = {isa = PBXBuildFile; fileRef = C0F05AA318104C5C00A64419 /* map-marker.png */; };
		C0F05AA718104C5C00A64419 /* star.png in Resources */ = {isa = PBXBuildFile; fileRef = C0F05AA418104C5C00A64419 /* star.png */; };
/* End PBXBuildFile section */

/* Begin PBXFileReference section */
		C0F05A6C1810359500A64419 /* boulder-lab-10.app */ = {isa = PBXFileReference; explicitFileType = wrapper.application; includeInIndex = 0; path = "boulder-lab-10.app"; sourceTree = BUILT_PRODUCTS_DIR; };
		C0F05A6F1810359500A64419 /* UIKit.framework */ = {isa = PBXFileReference; lastKnownFileType = wrapper.framework; name = UIKit.framework; path = System/Library/Frameworks/UIKit.framework; sourceTree = SDKROOT; };
		C0F05A711810359500A64419 /* Foundation.framework */ = {isa = PBXFileReference; lastKnownFileType = wrapper.framework; name = Foundation.framework; path = System/Library/Frameworks/Foundation.framework; sourceTree = SDKROOT; };
		C0F05A731810359500A64419 /* CoreGraphics.framework */ = {isa = PBXFileReference; lastKnownFileType = wrapper.framework; name = CoreGraphics.framework; path = System/Library/Frameworks/CoreGraphics.framework; sourceTree = SDKROOT; };
		C0F05A771810359500A64419 /* boulder-lab-10-Info.plist */ = {isa = PBXFileReference; lastKnownFileType = text.plist.xml; path = "boulder-lab-10-Info.plist"; sourceTree = "<group>"; };
		C0F05A791810359500A64419 /* en */ = {isa = PBXFileReference; lastKnownFileType = text.plist.strings; name = en; path = en.lproj/InfoPlist.strings; sourceTree = "<group>"; };
		C0F05A7B1810359500A64419 /* main.m */ = {isa = PBXFileReference; lastKnownFileType = sourcecode.c.objc; path = main.m; sourceTree = "<group>"; };
		C0F05A7D1810359500A64419 /* boulder-lab-10-Prefix.pch */ = {isa = PBXFileReference; lastKnownFileType = sourcecode.c.h; path = "boulder-lab-10-Prefix.pch"; sourceTree = "<group>"; };
		C0F05A7E1810359500A64419 /* MADAppDelegate.h */ = {isa = PBXFileReference; lastKnownFileType = sourcecode.c.h; path = MADAppDelegate.h; sourceTree = "<group>"; };
		C0F05A7F1810359500A64419 /* MADAppDelegate.m */ = {isa = PBXFileReference; lastKnownFileType = sourcecode.c.objc; path = MADAppDelegate.m; sourceTree = "<group>"; };
		C0F05A811810359500A64419 /* Default.png */ = {isa = PBXFileReference; lastKnownFileType = image.png; path = Default.png; sourceTree = "<group>"; };
		C0F05A831810359500A64419 /* Default@2x.png */ = {isa = PBXFileReference; lastKnownFileType = image.png; path = "Default@2x.png"; sourceTree = "<group>"; };
		C0F05A851810359500A64419 /* Default-568h@2x.png */ = {isa = PBXFileReference; lastKnownFileType = image.png; path = "Default-568h@2x.png"; sourceTree = "<group>"; };
		C0F05A881810359500A64419 /* en */ = {isa = PBXFileReference; lastKnownFileType = file.storyboard; name = en; path = en.lproj/MainStoryboard.storyboard; sourceTree = "<group>"; };
		C0F05A8A1810359500A64419 /* MADFirstViewController.h */ = {isa = PBXFileReference; lastKnownFileType = sourcecode.c.h; path = MADFirstViewController.h; sourceTree = "<group>"; };
		C0F05A8B1810359500A64419 /* MADFirstViewController.m */ = {isa = PBXFileReference; lastKnownFileType = sourcecode.c.objc; path = MADFirstViewController.m; sourceTree = "<group>"; };
		C0F05A8D1810359500A64419 /* first.png */ = {isa = PBXFileReference; lastKnownFileType = image.png; path = first.png; sourceTree = "<group>"; };
		C0F05A8F1810359500A64419 /* first@2x.png */ = {isa = PBXFileReference; lastKnownFileType = image.png; path = "first@2x.png"; sourceTree = "<group>"; };
		C0F05A911810359500A64419 /* MADSecondViewController.h */ = {isa = PBXFileReference; lastKnownFileType = sourcecode.c.h; path = MADSecondViewController.h; sourceTree = "<group>"; };
		C0F05A921810359500A64419 /* MADSecondViewController.m */ = {isa = PBXFileReference; lastKnownFileType = sourcecode.c.objc; path = MADSecondViewController.m; sourceTree = "<group>"; };
		C0F05A941810359500A64419 /* second.png */ = {isa = PBXFileReference; lastKnownFileType = image.png; path = second.png; sourceTree = "<group>"; };
		C0F05A961810359500A64419 /* second@2x.png */ = {isa = PBXFileReference; lastKnownFileType = image.png; path = "second@2x.png"; sourceTree = "<group>"; };
		C0F05A9D181037FF00A64419 /* boulderflatirons.png */ = {isa = PBXFileReference; lastKnownFileType = image.png; name = boulderflatirons.png; path = ../boulderflatirons.png; sourceTree = "<group>"; };
		C0F05A9F1810466000A64419 /* WebViewController.h */ = {isa = PBXFileReference; fileEncoding = 4; lastKnownFileType = sourcecode.c.h; path = WebViewController.h; sourceTree = "<group>"; };
		C0F05AA01810466000A64419 /* WebViewController.m */ = {isa = PBXFileReference; fileEncoding = 4; lastKnownFileType = sourcecode.c.objc; path = WebViewController.m; sourceTree = "<group>"; };
		C0F05AA218104C5C00A64419 /* envelope.png */ = {isa = PBXFileReference; lastKnownFileType = image.png; name = envelope.png; path = ../envelope.png; sourceTree = "<group>"; };
		C0F05AA318104C5C00A64419 /* map-marker.png */ = {isa = PBXFileReference; lastKnownFileType = image.png; name = "map-marker.png"; path = "../map-marker.png"; sourceTree = "<group>"; };
		C0F05AA418104C5C00A64419 /* star.png */ = {isa = PBXFileReference; lastKnownFileType = image.png; name = star.png; path = ../star.png; sourceTree = "<group>"; };
/* End PBXFileReference section */

/* Begin PBXFrameworksBuildPhase section */
		C0F05A691810359500A64419 /* Frameworks */ = {
			isa = PBXFrameworksBuildPhase;
			buildActionMask = 2147483647;
			files = (
				C0F05A701810359500A64419 /* UIKit.framework in Frameworks */,
				C0F05A721810359500A64419 /* Foundation.framework in Frameworks */,
				C0F05A741810359500A64419 /* CoreGraphics.framework in Frameworks */,
			);
			runOnlyForDeploymentPostprocessing = 0;
		};
/* End PBXFrameworksBuildPhase section */

/* Begin PBXGroup section */
		C0F05A631810359500A64419 = {
			isa = PBXGroup;
			children = (
				C0F05A751810359500A64419 /* boulder-lab-10 */,
				C0F05A6E1810359500A64419 /* Frameworks */,
				C0F05A6D1810359500A64419 /* Products */,
			);
			sourceTree = "<group>";
		};
		C0F05A6D1810359500A64419 /* Products */ = {
			isa = PBXGroup;
			children = (
				C0F05A6C1810359500A64419 /* boulder-lab-10.app */,
			);
			name = Products;
			sourceTree = "<group>";
		};
		C0F05A6E1810359500A64419 /* Frameworks */ = {
			isa = PBXGroup;
			children = (
				C0F05A6F1810359500A64419 /* UIKit.framework */,
				C0F05A711810359500A64419 /* Foundation.framework */,
				C0F05A731810359500A64419 /* CoreGraphics.framework */,
			);
			name = Frameworks;
			sourceTree = "<group>";
		};
		C0F05A751810359500A64419 /* boulder-lab-10 */ = {
			isa = PBXGroup;
			children = (
				C0F05A7E1810359500A64419 /* MADAppDelegate.h */,
				C0F05A7F1810359500A64419 /* MADAppDelegate.m */,
				C0F05A871810359500A64419 /* MainStoryboard.storyboard */,
				C0F05A9F1810466000A64419 /* WebViewController.h */,
				C0F05AA01810466000A64419 /* WebViewController.m */,
				C0F05A8A1810359500A64419 /* MADFirstViewController.h */,
				C0F05A8B1810359500A64419 /* MADFirstViewController.m */,
				C0F05A8D1810359500A64419 /* first.png */,
				C0F05A8F1810359500A64419 /* first@2x.png */,
				C0F05A911810359500A64419 /* MADSecondViewController.h */,
				C0F05A921810359500A64419 /* MADSecondViewController.m */,
				C0F05A941810359500A64419 /* second.png */,
				C0F05A961810359500A64419 /* second@2x.png */,
				C0F05A761810359500A64419 /* Supporting Files */,
			);
			path = "boulder-lab-10";
			sourceTree = "<group>";
		};
		C0F05A761810359500A64419 /* Supporting Files */ = {
			isa = PBXGroup;
			children = (
				C0F05AA218104C5C00A64419 /* envelope.png */,
				C0F05AA318104C5C00A64419 /* map-marker.png */,
				C0F05AA418104C5C00A64419 /* star.png */,
				C0F05A9D181037FF00A64419 /* boulderflatirons.png */,
				C0F05A771810359500A64419 /* boulder-lab-10-Info.plist */,
				C0F05A781810359500A64419 /* InfoPlist.strings */,
				C0F05A7B1810359500A64419 /* main.m */,
				C0F05A7D1810359500A64419 /* boulder-lab-10-Prefix.pch */,
				C0F05A811810359500A64419 /* Default.png */,
				C0F05A831810359500A64419 /* Default@2x.png */,
				C0F05A851810359500A64419 /* Default-568h@2x.png */,
			);
			name = "Supporting Files";
			sourceTree = "<group>";
		};
/* End PBXGroup section */

/* Begin PBXNativeTarget section */
		C0F05A6B1810359500A64419 /* boulder-lab-10 */ = {
			isa = PBXNativeTarget;
			buildConfigurationList = C0F05A9A1810359500A64419 /* Build configuration list for PBXNativeTarget "boulder-lab-10" */;
			buildPhases = (
				C0F05A681810359500A64419 /* Sources */,
				C0F05A691810359500A64419 /* Frameworks */,
				C0F05A6A1810359500A64419 /* Resources */,
			);
			buildRules = (
			);
			dependencies = (
			);
			name = "boulder-lab-10";
			productName = "boulder-lab-10";
			productReference = C0F05A6C1810359500A64419 /* boulder-lab-10.app */;
			productType = "com.apple.product-type.application";
		};
/* End PBXNativeTarget section */

/* Begin PBXProject section */
		C0F05A641810359500A64419 /* Project object */ = {
			isa = PBXProject;
			attributes = {
				CLASSPREFIX = MAD;
				LastUpgradeCheck = 0460;
				ORGANIZATIONNAME = "Katie Porter";
			};
			buildConfigurationList = C0F05A671810359500A64419 /* Build configuration list for PBXProject "boulder-lab-10" */;
			compatibilityVersion = "Xcode 3.2";
			developmentRegion = English;
			hasScannedForEncodings = 0;
			knownRegions = (
				en,
			);
			mainGroup = C0F05A631810359500A64419;
			productRefGroup = C0F05A6D1810359500A64419 /* Products */;
			projectDirPath = "";
			projectRoot = "";
			targets = (
				C0F05A6B1810359500A64419 /* boulder-lab-10 */,
			);
		};
/* End PBXProject section */

/* Begin PBXResourcesBuildPhase section */
		C0F05A6A1810359500A64419 /* Resources */ = {
			isa = PBXResourcesBuildPhase;
			buildActionMask = 2147483647;
			files = (
				C0F05A7A1810359500A64419 /* InfoPlist.strings in Resources */,
				C0F05A821810359500A64419 /* Default.png in Resources */,
				C0F05A841810359500A64419 /* Default@2x.png in Resources */,
				C0F05A861810359500A64419 /* Default-568h@2x.png in Resources */,
				C0F05A891810359500A64419 /* MainStoryboard.storyboard in Resources */,
				C0F05A8E1810359500A64419 /* first.png in Resources */,
				C0F05A901810359500A64419 /* first@2x.png in Resources */,
				C0F05A951810359500A64419 /* second.png in Resources */,
				C0F05A971810359500A64419 /* second@2x.png in Resources */,
				C0F05A9E181037FF00A64419 /* boulderflatirons.png in Resources */,
				C0F05AA518104C5C00A64419 /* envelope.png in Resources */,
				C0F05AA618104C5C00A64419 /* map-marker.png in Resources */,
				C0F05AA718104C5C00A64419 /* star.png in Resources */,
			);
			runOnlyForDeploymentPostprocessing = 0;
		};
/* End PBXResourcesBuildPhase section */

/* Begin PBXSourcesBuildPhase section */
		C0F05A681810359500A64419 /* Sources */ = {
			isa = PBXSourcesBuildPhase;
			buildActionMask = 2147483647;
			files = (
				C0F05A7C1810359500A64419 /* main.m in Sources */,
				C0F05A801810359500A64419 /* MADAppDelegate.m in Sources */,
				C0F05A8C1810359500A64419 /* MADFirstViewController.m in Sources */,
				C0F05A931810359500A64419 /* MADSecondViewController.m in Sources */,
				C0F05AA11810466000A64419 /* WebViewController.m in Sources */,
			);
			runOnlyForDeploymentPostprocessing = 0;
		};
/* End PBXSourcesBuildPhase section */

/* Begin PBXVariantGroup section */
		C0F05A781810359500A64419 /* InfoPlist.strings */ = {
			isa = PBXVariantGroup;
			children = (
				C0F05A791810359500A64419 /* en */,
			);
			name = InfoPlist.strings;
			sourceTree = "<group>";
		};
		C0F05A871810359500A64419 /* MainStoryboard.storyboard */ = {
			isa = PBXVariantGroup;
			children = (
				C0F05A881810359500A64419 /* en */,
			);
			name = MainStoryboard.storyboard;
			sourceTree = "<group>";
		};
/* End PBXVariantGroup section */

/* Begin XCBuildConfiguration section */
		C0F05A981810359500A64419 /* Debug */ = {
			isa = XCBuildConfiguration;
			buildSettings = {
				ALWAYS_SEARCH_USER_PATHS = NO;
				CLANG_CXX_LANGUAGE_STANDARD = "gnu++0x";
				CLANG_CXX_LIBRARY = "libc++";
				CLANG_ENABLE_OBJC_ARC = YES;
				CLANG_WARN_CONSTANT_CONVERSION = YES;
				CLANG_WARN_EMPTY_BODY = YES;
				CLANG_WARN_ENUM_CONVERSION = YES;
				CLANG_WARN_INT_CONVERSION = YES;
				CLANG_WARN__DUPLICATE_METHOD_MATCH = YES;
				"CODE_SIGN_IDENTITY[sdk=iphoneos*]" = "iPhone Developer";
				COPY_PHASE_STRIP = NO;
				GCC_C_LANGUAGE_STANDARD = gnu99;
				GCC_DYNAMIC_NO_PIC = NO;
				GCC_OPTIMIZATION_LEVEL = 0;
				GCC_PREPROCESSOR_DEFINITIONS = (
					"DEBUG=1",
					"$(inherited)",
				);
				GCC_SYMBOLS_PRIVATE_EXTERN = NO;
				GCC_WARN_ABOUT_RETURN_TYPE = YES;
				GCC_WARN_UNINITIALIZED_AUTOS = YES;
				GCC_WARN_UNUSED_VARIABLE = YES;
				IPHONEOS_DEPLOYMENT_TARGET = 6.1;
				ONLY_ACTIVE_ARCH = YES;
				SDKROOT = iphoneos;
				TARGETED_DEVICE_FAMILY = 2;
			};
			name = Debug;
		};
		C0F05A991810359500A64419 /* Release */ = {
			isa = XCBuildConfiguration;
			buildSettings = {
				ALWAYS_SEARCH_USER_PATHS = NO;
				CLANG_CXX_LANGUAGE_STANDARD = "gnu++0x";
				CLANG_CXX_LIBRARY = "libc++";
				CLANG_ENABLE_OBJC_ARC = YES;
				CLANG_WARN_CONSTANT_CONVERSION = YES;
				CLANG_WARN_EMPTY_BODY = YES;
				CLANG_WARN_ENUM_CONVERSION = YES;
				CLANG_WARN_INT_CONVERSION = YES;
				CLANG_WARN__DUPLICATE_METHOD_MATCH = YES;
				"CODE_SIGN_IDENTITY[sdk=iphoneos*]" = "iPhone Developer";
				COPY_PHASE_STRIP = YES;
				GCC_C_LANGUAGE_STANDARD = gnu99;
				GCC_WARN_ABOUT_RETURN_TYPE = YES;
				GCC_WARN_UNINITIALIZED_AUTOS = YES;
				GCC_WARN_UNUSED_VARIABLE = YES;
				IPHONEOS_DEPLOYMENT_TARGET = 6.1;
				OTHER_CFLAGS = "-DNS_BLOCK_ASSERTIONS=1";
				SDKROOT = iphoneos;
				TARGETED_DEVICE_FAMILY = 2;
				VALIDATE_PRODUCT = YES;
			};
			name = Release;
		};
		C0F05A9B1810359500A64419 /* Debug */ = {
			isa = XCBuildConfiguration;
			buildSettings = {
				GCC_PRECOMPILE_PREFIX_HEADER = YES;
				GCC_PREFIX_HEADER = "boulder-lab-10/boulder-lab-10-Prefix.pch";
				INFOPLIST_FILE = "boulder-lab-10/boulder-lab-10-Info.plist";
				PRODUCT_NAME = "$(TARGET_NAME)";
				WRAPPER_EXTENSION = app;
			};
			name = Debug;
		};
		C0F05A9C1810359500A64419 /* Release */ = {
			isa = XCBuildConfiguration;
			buildSettings = {
				GCC_PRECOMPILE_PREFIX_HEADER = YES;
				GCC_PREFIX_HEADER = "boulder-lab-10/boulder-lab-10-Prefix.pch";
				INFOPLIST_FILE = "boulder-lab-10/boulder-lab-10-Info.plist";
				PRODUCT_NAME = "$(TARGET_NAME)";
				WRAPPER_EXTENSION = app;
			};
			name = Release;
		};
/* End XCBuildConfiguration section */

/* Begin XCConfigurationList section */
		C0F05A671810359500A64419 /* Build configuration list for PBXProject "boulder-lab-10" */ = {
			isa = XCConfigurationList;
			buildConfigurations = (
				C0F05A981810359500A64419 /* Debug */,
				C0F05A991810359500A64419 /* Release */,
			);
			defaultConfigurationIsVisible = 0;
			defaultConfigurationName = Release;
		};
		C0F05A9A1810359500A64419 /* Build configuration list for PBXNativeTarget "boulder-lab-10" */ = {
			isa = XCConfigurationList;
			buildConfigurations = (
				C0F05A9B1810359500A64419 /* Debug */,
				C0F05A9C1810359500A64419 /* Release */,
			);
			defaultConfigurationIsVisible = 0;
		};
/* End XCConfigurationList section */
	};
	rootObject = C0F05A641810359500A64419 /* Project object */;
}
